# This file is automatically @generated by Poetry 1.8.3 and should not be changed by hand.

[[package]]
name = "cloudpickle"
version = "3.0.0"
description = "Pickler class to extend the standard pickle.Pickler functionality"
optional = false
python-versions = ">=3.8"
files = [
    {file = "cloudpickle-3.0.0-py3-none-any.whl", hash = "sha256:246ee7d0c295602a036e86369c77fecda4ab17b506496730f2f576d9016fd9c7"},
    {file = "cloudpickle-3.0.0.tar.gz", hash = "sha256:996d9a482c6fb4f33c1a35335cf8afd065d2a56e973270364840712d9131a882"},
]

[[package]]
name = "farama-notifications"
version = "0.0.4"
description = "Notifications for all Farama Foundation maintained libraries."
optional = false
python-versions = "*"
files = [
    {file = "Farama-Notifications-0.0.4.tar.gz", hash = "sha256:13fceff2d14314cf80703c8266462ebf3733c7d165336eee998fc58e545efd18"},
    {file = "Farama_Notifications-0.0.4-py3-none-any.whl", hash = "sha256:14de931035a41961f7c056361dc7f980762a143d05791ef5794a751a2caf05ae"},
]

[[package]]
name = "gymnasium"
version = "0.29.1"
description = "A standard API for reinforcement learning and a diverse set of reference environments (formerly Gym)."
optional = false
python-versions = ">=3.8"
files = [
    {file = "gymnasium-0.29.1-py3-none-any.whl", hash = "sha256:61c3384b5575985bb7f85e43213bcb40f36fcdff388cae6bc229304c71f2843e"},
    {file = "gymnasium-0.29.1.tar.gz", hash = "sha256:1a532752efcb7590478b1cc7aa04f608eb7a2fdad5570cd217b66b6a35274bb1"},
]

[package.dependencies]
cloudpickle = ">=1.2.0"
farama-notifications = ">=0.0.1"
numpy = ">=1.21.0"
typing-extensions = ">=4.3.0"

[package.extras]
accept-rom-license = ["autorom[accept-rom-license] (>=0.4.2,<0.5.0)"]
all = ["box2d-py (==2.3.5)", "cython (<3)", "imageio (>=2.14.1)", "jax (>=0.4.0)", "jaxlib (>=0.4.0)", "lz4 (>=3.1.0)", "matplotlib (>=3.0)", "moviepy (>=1.0.0)", "mujoco (>=2.3.3)", "mujoco-py (>=2.1,<2.2)", "opencv-python (>=3.0)", "pygame (>=2.1.3)", "shimmy[atari] (>=0.1.0,<1.0)", "swig (==4.*)", "torch (>=1.0.0)"]
atari = ["shimmy[atari] (>=0.1.0,<1.0)"]
box2d = ["box2d-py (==2.3.5)", "pygame (>=2.1.3)", "swig (==4.*)"]
classic-control = ["pygame (>=2.1.3)", "pygame (>=2.1.3)"]
jax = ["jax (>=0.4.0)", "jaxlib (>=0.4.0)"]
mujoco = ["imageio (>=2.14.1)", "mujoco (>=2.3.3)"]
mujoco-py = ["cython (<3)", "cython (<3)", "mujoco-py (>=2.1,<2.2)", "mujoco-py (>=2.1,<2.2)"]
other = ["lz4 (>=3.1.0)", "matplotlib (>=3.0)", "moviepy (>=1.0.0)", "opencv-python (>=3.0)", "torch (>=1.0.0)"]
testing = ["pytest (==7.1.3)", "scipy (>=1.7.3)"]
toy-text = ["pygame (>=2.1.3)", "pygame (>=2.1.3)"]

[[package]]
name = "numpy"
version = "1.26.4"
description = "Fundamental package for array computing in Python"
optional = false
python-versions = ">=3.9"
files = [
    {file = "numpy-1.26.4-cp310-cp310-macosx_10_9_x86_64.whl", hash = "sha256:9ff0f4f29c51e2803569d7a51c2304de5554655a60c5d776e35b4a41413830d0"},
    {file = "numpy-1.26.4-cp310-cp310-macosx_11_0_arm64.whl", hash = "sha256:2e4ee3380d6de9c9ec04745830fd9e2eccb3e6cf790d39d7b98ffd19b0dd754a"},
    {file = "numpy-1.26.4-cp310-cp310-manylinux_2_17_aarch64.manylinux2014_aarch64.whl", hash = "sha256:d209d8969599b27ad20994c8e41936ee0964e6da07478d6c35016bc386b66ad4"},
    {file = "numpy-1.26.4-cp310-cp310-manylinux_2_17_x86_64.manylinux2014_x86_64.whl", hash = "sha256:ffa75af20b44f8dba823498024771d5ac50620e6915abac414251bd971b4529f"},
    {file = "numpy-1.26.4-cp310-cp310-musllinux_1_1_aarch64.whl", hash = "sha256:62b8e4b1e28009ef2846b4c7852046736bab361f7aeadeb6a5b89ebec3c7055a"},
    {file = "numpy-1.26.4-cp310-cp310-musllinux_1_1_x86_64.whl", hash = "sha256:a4abb4f9001ad2858e7ac189089c42178fcce737e4169dc61321660f1a96c7d2"},
    {file = "numpy-1.26.4-cp310-cp310-win32.whl", hash = "sha256:bfe25acf8b437eb2a8b2d49d443800a5f18508cd811fea3181723922a8a82b07"},
    {file = "numpy-1.26.4-cp310-cp310-win_amd64.whl", hash = "sha256:b97fe8060236edf3662adfc2c633f56a08ae30560c56310562cb4f95500022d5"},
    {file = "numpy-1.26.4-cp311-cp311-macosx_10_9_x86_64.whl", hash = "sha256:4c66707fabe114439db9068ee468c26bbdf909cac0fb58686a42a24de1760c71"},
    {file = "numpy-1.26.4-cp311-cp311-macosx_11_0_arm64.whl", hash = "sha256:edd8b5fe47dab091176d21bb6de568acdd906d1887a4584a15a9a96a1dca06ef"},
    {file = "numpy-1.26.4-cp311-cp311-manylinux_2_17_aarch64.manylinux2014_aarch64.whl", hash = "sha256:7ab55401287bfec946ced39700c053796e7cc0e3acbef09993a9ad2adba6ca6e"},
    {file = "numpy-1.26.4-cp311-cp311-manylinux_2_17_x86_64.manylinux2014_x86_64.whl", hash = "sha256:666dbfb6ec68962c033a450943ded891bed2d54e6755e35e5835d63f4f6931d5"},
    {file = "numpy-1.26.4-cp311-cp311-musllinux_1_1_aarch64.whl", hash = "sha256:96ff0b2ad353d8f990b63294c8986f1ec3cb19d749234014f4e7eb0112ceba5a"},
    {file = "numpy-1.26.4-cp311-cp311-musllinux_1_1_x86_64.whl", hash = "sha256:60dedbb91afcbfdc9bc0b1f3f402804070deed7392c23eb7a7f07fa857868e8a"},
    {file = "numpy-1.26.4-cp311-cp311-win32.whl", hash = "sha256:1af303d6b2210eb850fcf03064d364652b7120803a0b872f5211f5234b399f20"},
    {file = "numpy-1.26.4-cp311-cp311-win_amd64.whl", hash = "sha256:cd25bcecc4974d09257ffcd1f098ee778f7834c3ad767fe5db785be9a4aa9cb2"},
    {file = "numpy-1.26.4-cp312-cp312-macosx_10_9_x86_64.whl", hash = "sha256:b3ce300f3644fb06443ee2222c2201dd3a89ea6040541412b8fa189341847218"},
    {file = "numpy-1.26.4-cp312-cp312-macosx_11_0_arm64.whl", hash = "sha256:03a8c78d01d9781b28a6989f6fa1bb2c4f2d51201cf99d3dd875df6fbd96b23b"},
    {file = "numpy-1.26.4-cp312-cp312-manylinux_2_17_aarch64.manylinux2014_aarch64.whl", hash = "sha256:9fad7dcb1aac3c7f0584a5a8133e3a43eeb2fe127f47e3632d43d677c66c102b"},
    {file = "numpy-1.26.4-cp312-cp312-manylinux_2_17_x86_64.manylinux2014_x86_64.whl", hash = "sha256:675d61ffbfa78604709862923189bad94014bef562cc35cf61d3a07bba02a7ed"},
    {file = "numpy-1.26.4-cp312-cp312-musllinux_1_1_aarch64.whl", hash = "sha256:ab47dbe5cc8210f55aa58e4805fe224dac469cde56b9f731a4c098b91917159a"},
    {file = "numpy-1.26.4-cp312-cp312-musllinux_1_1_x86_64.whl", hash = "sha256:1dda2e7b4ec9dd512f84935c5f126c8bd8b9f2fc001e9f54af255e8c5f16b0e0"},
    {file = "numpy-1.26.4-cp312-cp312-win32.whl", hash = "sha256:50193e430acfc1346175fcbdaa28ffec49947a06918b7b92130744e81e640110"},
    {file = "numpy-1.26.4-cp312-cp312-win_amd64.whl", hash = "sha256:08beddf13648eb95f8d867350f6a018a4be2e5ad54c8d8caed89ebca558b2818"},
    {file = "numpy-1.26.4-cp39-cp39-macosx_10_9_x86_64.whl", hash = "sha256:7349ab0fa0c429c82442a27a9673fc802ffdb7c7775fad780226cb234965e53c"},
    {file = "numpy-1.26.4-cp39-cp39-macosx_11_0_arm64.whl", hash = "sha256:52b8b60467cd7dd1e9ed082188b4e6bb35aa5cdd01777621a1658910745b90be"},
    {file = "numpy-1.26.4-cp39-cp39-manylinux_2_17_aarch64.manylinux2014_aarch64.whl", hash = "sha256:d5241e0a80d808d70546c697135da2c613f30e28251ff8307eb72ba696945764"},
    {file = "numpy-1.26.4-cp39-cp39-manylinux_2_17_x86_64.manylinux2014_x86_64.whl", hash = "sha256:f870204a840a60da0b12273ef34f7051e98c3b5961b61b0c2c1be6dfd64fbcd3"},
    {file = "numpy-1.26.4-cp39-cp39-musllinux_1_1_aarch64.whl", hash = "sha256:679b0076f67ecc0138fd2ede3a8fd196dddc2ad3254069bcb9faf9a79b1cebcd"},
    {file = "numpy-1.26.4-cp39-cp39-musllinux_1_1_x86_64.whl", hash = "sha256:47711010ad8555514b434df65f7d7b076bb8261df1ca9bb78f53d3b2db02e95c"},
    {file = "numpy-1.26.4-cp39-cp39-win32.whl", hash = "sha256:a354325ee03388678242a4d7ebcd08b5c727033fcff3b2f536aea978e15ee9e6"},
    {file = "numpy-1.26.4-cp39-cp39-win_amd64.whl", hash = "sha256:3373d5d70a5fe74a2c1bb6d2cfd9609ecf686d47a2d7b1d37a8f3b6bf6003aea"},
    {file = "numpy-1.26.4-pp39-pypy39_pp73-macosx_10_9_x86_64.whl", hash = "sha256:afedb719a9dcfc7eaf2287b839d8198e06dcd4cb5d276a3df279231138e83d30"},
    {file = "numpy-1.26.4-pp39-pypy39_pp73-manylinux_2_17_x86_64.manylinux2014_x86_64.whl", hash = "sha256:95a7476c59002f2f6c590b9b7b998306fba6a5aa646b1e22ddfeaf8f78c3a29c"},
    {file = "numpy-1.26.4-pp39-pypy39_pp73-win_amd64.whl", hash = "sha256:7e50d0a0cc3189f9cb0aeb3a6a6af18c16f59f004b866cd2be1c14b36134a4a0"},
    {file = "numpy-1.26.4.tar.gz", hash = "sha256:2a02aba9ed12e4ac4eb3ea9421c420301a0c6460d9830d74a9df87efa4912010"},
]

[[package]]
name = "pyboy"
version = "2.1.0"
description = "Game Boy emulator written in Python"
optional = false
python-versions = ">=3.8"
files = [
    {file = "pyboy-2.1.0-cp310-cp310-macosx_10_9_universal2.whl", hash = "sha256:9afddb29c0474d2ac7c0ea5fcc2c988cfba7b1026291f82c92ca307bab0fead9"},
    {file = "pyboy-2.1.0-cp310-cp310-manylinux_2_17_x86_64.manylinux2014_x86_64.manylinux_2_28_x86_64.whl", hash = "sha256:882e017ef8fcabbf80447855a21995287a90c6f0e9820e76f8f5fd22c88064ad"},
    {file = "pyboy-2.1.0-cp310-cp310-musllinux_1_2_x86_64.whl", hash = "sha256:b19638df52ba14b6069b4597b05fc5aaef1f2a8fe494e393d212f2ce9e5a9ce1"},
    {file = "pyboy-2.1.0-cp310-cp310-win_amd64.whl", hash = "sha256:2a9df50842eb6185fd3315004ca63ec8f8a1a591329bd3e5639dd9eb7ee80471"},
    {file = "pyboy-2.1.0-cp311-cp311-macosx_10_9_universal2.whl", hash = "sha256:81e900098d9b461b2cc8392698887790267f632eb80c4d60738ecbbe92ab6562"},
    {file = "pyboy-2.1.0-cp311-cp311-manylinux_2_17_x86_64.manylinux2014_x86_64.manylinux_2_28_x86_64.whl", hash = "sha256:3ed5e3dd8da527aa2cfcd7f817b78dabbe3ec77e0fab0946b630b7c73bc9fe5f"},
    {file = "pyboy-2.1.0-cp311-cp311-musllinux_1_2_x86_64.whl", hash = "sha256:27dd1e02d7d82aa97ac508a21e8690cd70c55c400fd95ef3c060138a64683464"},
    {file = "pyboy-2.1.0-cp311-cp311-win_amd64.whl", hash = "sha256:588950164cc5f24899dab78cfb3a13a73a851e84b3f6e4a90a262864f5605bd2"},
    {file = "pyboy-2.1.0-cp312-cp312-macosx_10_9_universal2.whl", hash = "sha256:87725926523bcc9b33935379a769ea0bd2f4d31ac9cbf63bf821667d62a057c5"},
    {file = "pyboy-2.1.0-cp312-cp312-manylinux_2_17_x86_64.manylinux2014_x86_64.manylinux_2_28_x86_64.whl", hash = "sha256:90eabee2d236a081fa8c9db0a53493538583fc49e27f1d3ee2be455008ac16d8"},
    {file = "pyboy-2.1.0-cp312-cp312-musllinux_1_2_x86_64.whl", hash = "sha256:2d8f830820dd808a6e3c33d01e90c34b34f6c60d1fd47aa97239695c6ace3cee"},
    {file = "pyboy-2.1.0-cp312-cp312-win_amd64.whl", hash = "sha256:264913ae518ef0bb1b9fcaf2d0e328c00b819dcd311a472b5d116774b2d26389"},
    {file = "pyboy-2.1.0-cp38-cp38-macosx_11_0_universal2.whl", hash = "sha256:4d5953c239a36a458a55d249996a17f5634b35147de499d9cf8c1f5e4ce679a5"},
    {file = "pyboy-2.1.0-cp38-cp38-manylinux_2_17_x86_64.manylinux2014_x86_64.manylinux_2_28_x86_64.whl", hash = "sha256:f1b12a605354746e898788ea038fdfd1fdac0356e065c917372fae31700981c8"},
    {file = "pyboy-2.1.0-cp38-cp38-musllinux_1_2_x86_64.whl", hash = "sha256:52e69263af9fb6b6234ae36b81a2c8d15e7f60a875eccc2c9dd5ca80ffdd687f"},
    {file = "pyboy-2.1.0-cp38-cp38-win_amd64.whl", hash = "sha256:86385bb7968e61c85515863f9749397537926e56ec6e6cbcd17d8ff02e63651f"},
    {file = "pyboy-2.1.0-cp39-cp39-macosx_10_9_universal2.whl", hash = "sha256:2298dd7bf1bc45860b09c501f5d56727ccec4537cdc604a2a015e926925b9741"},
    {file = "pyboy-2.1.0-cp39-cp39-manylinux_2_17_x86_64.manylinux2014_x86_64.manylinux_2_28_x86_64.whl", hash = "sha256:ebd9d15a18927b909aa78c3e9a67cc18313ea9a766fa839668f28473f35079f2"},
    {file = "pyboy-2.1.0-cp39-cp39-musllinux_1_2_x86_64.whl", hash = "sha256:064b988aa18d1b74d7209311263fbe929735eeb3cbd9ab87859c48e693150864"},
    {file = "pyboy-2.1.0-cp39-cp39-win_amd64.whl", hash = "sha256:78bf717e2e13af6a8b9faebb7a82af378f1a4c47c20eed397c45d0c743348269"},
    {file = "pyboy-2.1.0.tar.gz", hash = "sha256:2eaf03394a238bc3e7b9856bdaa499af37a3e2149f225cbb96918eaf3c8e4cc6"},
]

[package.dependencies]
numpy = "*"
pysdl2 = "*"
pysdl2-dll = "*"

[package.extras]
all = ["gym", "markdown", "pdoc3", "pyopengl"]

[[package]]
name = "pysdl2"
version = "0.9.16"
description = "Python SDL2 bindings"
optional = false
python-versions = "*"
files = [
    {file = "PySDL2-0.9.16.tar.gz", hash = "sha256:1027406badbecdd30fe56e800a5a76ad7d7271a3aec0b7acf780ee26a00f2d40"},
]

[[package]]
name = "pysdl2-dll"
version = "2.30.2"
description = "Pre-built SDL2 binaries for PySDL2"
optional = false
python-versions = "*"
files = [
    {file = "pysdl2-dll-2.30.2.tar.gz", hash = "sha256:fdde25cf1863c7cc538da4bb997f5bdf87cbbcf09aa6a736d11e6c3848d04900"},
    {file = "pysdl2_dll-2.30.2-py2.py3-none-macosx_10_11_universal2.whl", hash = "sha256:bfab2f1a34a9eced88e9a6846f807596ecdc3a706779763a2e2be014f468da14"},
    {file = "pysdl2_dll-2.30.2-py2.py3-none-macosx_10_11_x86_64.whl", hash = "sha256:890233f56f544d3f08c9a6cc1ca1d1ce9e2621983baaff74a949a93dc311ed9f"},
    {file = "pysdl2_dll-2.30.2-py2.py3-none-manylinux2014_i686.whl", hash = "sha256:d8534970c452bb0c5b7a2a24c39105e28c69438333be285b7ccdb8edab2e9e90"},
    {file = "pysdl2_dll-2.30.2-py2.py3-none-manylinux2014_x86_64.whl", hash = "sha256:e6a3b4fbca88c4a729610bf35a0968a906166441f38479a95214ef6e347b197e"},
    {file = "pysdl2_dll-2.30.2-py2.py3-none-manylinux_2_28_aarch64.whl", hash = "sha256:dbb9bab74ed72912781523dbcaa537657faf9e3690d5c7f99712aea379dfe652"},
    {file = "pysdl2_dll-2.30.2-py2.py3-none-manylinux_2_28_x86_64.whl", hash = "sha256:97e16b03b8d0a25c78dabb216ae741d9a2c174186d7544c93a4bce093b60bcca"},
    {file = "pysdl2_dll-2.30.2-py2.py3-none-win32.whl", hash = "sha256:2b710986fb7f0c36eebf0d75a8b1d96d47e3b31a926673a72f63d683494efbc9"},
    {file = "pysdl2_dll-2.30.2-py2.py3-none-win_amd64.whl", hash = "sha256:1f243b9bd3f48a782f9feec26c261b0ae5ffbc3aa78756c5853e992fa5e7dfcf"},
]

[[package]]
name = "typing-extensions"
version = "4.12.0"
description = "Backported and Experimental Type Hints for Python 3.8+"
optional = false
python-versions = ">=3.8"
files = [
    {file = "typing_extensions-4.12.0-py3-none-any.whl", hash = "sha256:b349c66bea9016ac22978d800cfff206d5f9816951f12a7d0ec5578b0a819594"},
    {file = "typing_extensions-4.12.0.tar.gz", hash = "sha256:8cbcdc8606ebcb0d95453ad7dc5065e6237b6aa230a31e81d0f440c30fed5fd8"},
]

[metadata]
lock-version = "2.0"
python-versions = "^3.12"
content-hash = "bd203c2644648eb9fec0e15a4416eabdc1048fb609a335858b8dd489573ad5ed"
